
Microsoft Visual Studio Solution File, Format Version 12.00
# Visual Studio Version 17
VisualStudioVersion = 17.0.31710.8
MinimumVisualStudioVersion = 10.0.40219.1
Project("{FAE04EC0-301F-11D3-BF4B-00C04F79EFBC}") = "HackerWe.Entities", "HackerWe.Entities\HackerWe.Entities.csproj", "{A44C83D8-1C45-4B29-A05E-A563752626D2}"
EndProject
Project("{FAE04EC0-301F-11D3-BF4B-00C04F79EFBC}") = "HackerWeUi", "HackerWeUi\HackerWeUi.csproj", "{854E1BF4-6412-4884-8D8D-AE866D248362}"
EndProject
Project("{FAE04EC0-301F-11D3-BF4B-00C04F79EFBC}") = "HackerWeLogic", "HackerWeLogic\HackerWeLogic.csproj", "{B26DCAB4-1D0C-41AA-85E2-723E00B04F03}"
EndProject
Global
	GlobalSection(SolutionConfigurationPlatforms) = preSolution
		Debug|Any CPU = Debug|Any CPU
		Release|Any CPU = Release|Any CPU
	EndGlobalSection
	GlobalSection(ProjectConfigurationPlatforms) = postSolution
		{A44C83D8-1C45-4B29-A05E-A563752626D2}.Debug|Any CPU.ActiveCfg = Debug|Any CPU
		{A44C83D8-1C45-4B29-A05E-A563752626D2}.Debug|Any CPU.Build.0 = Debug|Any CPU
		{A44C83D8-1C45-4B29-A05E-A563752626D2}.Release|Any CPU.ActiveCfg = Release|Any CPU
		{A44C83D8-1C45-4B29-A05E-A563752626D2}.Release|Any CPU.Build.0 = Release|Any CPU
		{854E1BF4-6412-4884-8D8D-AE866D248362}.Debug|Any CPU.ActiveCfg = Debug|Any CPU
		{854E1BF4-6412-4884-8D8D-AE866D248362}.Debug|Any CPU.Build.0 = Debug|Any CPU
		{854E1BF4-6412-4884-8D8D-AE866D248362}.Release|Any CPU.ActiveCfg = Release|Any CPU
		{854E1BF4-6412-4884-8D8D-AE866D248362}.Release|Any CPU.Build.0 = Release|Any CPU
		{B26DCAB4-1D0C-41AA-85E2-723E00B04F03}.Debug|Any CPU.ActiveCfg = Debug|Any CPU
		{B26DCAB4-1D0C-41AA-85E2-723E00B04F03}.Debug|Any CPU.Build.0 = Debug|Any CPU
		{B26DCAB4-1D0C-41AA-85E2-723E00B04F03}.Release|Any CPU.ActiveCfg = Release|Any CPU
		{B26DCAB4-1D0C-41AA-85E2-723E00B04F03}.Release|Any CPU.Build.0 = Release|Any CPU
	EndGlobalSection
	GlobalSection(SolutionProperties) = preSolution
		HideSolutionNode = FALSE
	EndGlobalSection
	GlobalSection(ExtensibilityGlobals) = postSolution
		SolutionGuid = {77F4B2BD-280F-4B0F-9F8A-65CC0076AF04}
	EndGlobalSection
EndGlobal
